
Microsoft Visual Studio Solution File, Format Version 12.00
# Visual Studio 15
VisualStudioVersion = 15.0.28010.2019
MinimumVisualStudioVersion = 10.0.40219.1
Project("{FAE04EC0-301F-11D3-BF4B-00C04F79EFBC}") = "Lesson 11_Interfaces", "Lesson 11_Interfaces\Lesson 11_Interfaces.csproj", "{BDCF61E2-3AA9-47BB-928C-146EF3E1D0FA}"
EndProject
Global
	GlobalSection(SolutionConfigurationPlatforms) = preSolution
		Debug|Any CPU = Debug|Any CPU
		Release|Any CPU = Release|Any CPU
	EndGlobalSection
	GlobalSection(ProjectConfigurationPlatforms) = postSolution
		{BDCF61E2-3AA9-47BB-928C-146EF3E1D0FA}.Debug|Any CPU.ActiveCfg = Debug|Any CPU
		{BDCF61E2-3AA9-47BB-928C-146EF3E1D0FA}.Debug|Any CPU.Build.0 = Debug|Any CPU
		{BDCF61E2-3AA9-47BB-928C-146EF3E1D0FA}.Release|Any CPU.ActiveCfg = Release|Any CPU
		{BDCF61E2-3AA9-47BB-928C-146EF3E1D0FA}.Release|Any CPU.Build.0 = Release|Any CPU
	EndGlobalSection
	GlobalSection(SolutionProperties) = preSolution
		HideSolutionNode = FALSE
	EndGlobalSection
	GlobalSection(ExtensibilityGlobals) = postSolution
		SolutionGuid = {2B4EE8D8-3040-46C6-8E1C-739E74DD1A93}
	EndGlobalSection
EndGlobal
